
Microsoft Visual Studio Solution File, Format Version 12.00
# Visual Studio Version 16
VisualStudioVersion = 16.0.31702.278
MinimumVisualStudioVersion = 10.0.40219.1
Project("{FAE04EC0-301F-11D3-BF4B-00C04F79EFBC}") = "imc Victor", "imc Victor\imc Victor.csproj", "{B70F8491-A013-4357-839A-8DD87326193E}"
EndProject
Global
	GlobalSection(SolutionConfigurationPlatforms) = preSolution
		Debug|Any CPU = Debug|Any CPU
		Release|Any CPU = Release|Any CPU
	EndGlobalSection
	GlobalSection(ProjectConfigurationPlatforms) = postSolution
		{B70F8491-A013-4357-839A-8DD87326193E}.Debug|Any CPU.ActiveCfg = Debug|Any CPU
		{B70F8491-A013-4357-839A-8DD87326193E}.Debug|Any CPU.Build.0 = Debug|Any CPU
		{B70F8491-A013-4357-839A-8DD87326193E}.Release|Any CPU.ActiveCfg = Release|Any CPU
		{B70F8491-A013-4357-839A-8DD87326193E}.Release|Any CPU.Build.0 = Release|Any CPU
	EndGlobalSection
	GlobalSection(SolutionProperties) = preSolution
		HideSolutionNode = FALSE
	EndGlobalSection
	GlobalSection(ExtensibilityGlobals) = postSolution
		SolutionGuid = {AE9CE263-595A-4734-B01B-72E7B903331D}
	EndGlobalSection
EndGlobal
